
Microsoft Visual Studio Solution File, Format Version 12.00
# Visual Studio Version 17
VisualStudioVersion = 17.6.33829.357
MinimumVisualStudioVersion = 10.0.40219.1
Project("{FAE04EC0-301F-11D3-BF4B-00C04F79EFBC}") = "IT488_Average_Method_SQL_Querie", "IT488_Average_Method_SQL_Querie\IT488_Average_Method_SQL_Querie.csproj", "{497F7D63-A91D-4316-B7D5-88C84715B93A}"
EndProject
Global
	GlobalSection(SolutionConfigurationPlatforms) = preSolution
		Debug|Any CPU = Debug|Any CPU
		Release|Any CPU = Release|Any CPU
	EndGlobalSection
	GlobalSection(ProjectConfigurationPlatforms) = postSolution
		{497F7D63-A91D-4316-B7D5-88C84715B93A}.Debug|Any CPU.ActiveCfg = Debug|Any CPU
		{497F7D63-A91D-4316-B7D5-88C84715B93A}.Debug|Any CPU.Build.0 = Debug|Any CPU
		{497F7D63-A91D-4316-B7D5-88C84715B93A}.Release|Any CPU.ActiveCfg = Release|Any CPU
		{497F7D63-A91D-4316-B7D5-88C84715B93A}.Release|Any CPU.Build.0 = Release|Any CPU
	EndGlobalSection
	GlobalSection(SolutionProperties) = preSolution
		HideSolutionNode = FALSE
	EndGlobalSection
	GlobalSection(ExtensibilityGlobals) = postSolution
		SolutionGuid = {EE01DB60-88E3-4B57-BACD-58F893AA1CA5}
	EndGlobalSection
EndGlobal
